
Microsoft Visual Studio Solution File, Format Version 12.00
# Visual Studio Version 16
VisualStudioVersion = 16.0.31129.286
MinimumVisualStudioVersion = 10.0.40219.1
Project("{FAE04EC0-301F-11D3-BF4B-00C04F79EFBC}") = "DBTest", "DBTest\DBTest.csproj", "{4420CB1C-4C64-4B2B-9CCF-E8DCEB4AD8B0}"
EndProject
Project("{2150E333-8FDC-42A3-9474-1A3956D46DE8}") = "ToolTrial1", "ToolTrial1", "{2FDA43BB-E64E-41C8-B4D8-61F555CD4D04}"
EndProject
Project("{8BC9CEB8-8B4A-11D0-8D11-00A0C91BC942}") = "MangdWrapper_FirebirdDDFProvider", "ToolTrial1\MangdWrapper_FirebirdDDFProvider\MangdWrapper_FirebirdDDFProvider.vcxproj", "{017F8387-5C17-41B1-91B2-245E75EC7337}"
EndProject
Project("{8BC9CEB8-8B4A-11D0-8D11-00A0C91BC942}") = "FirebirdDDFProvider", "ToolTrial1\FirebirdDDFProvider\FirebirdDDFProvider.vcxproj", "{32961EF0-8774-45B9-BF8F-AD2E65DF16EE}"
EndProject
Project("{8BC9CEB8-8B4A-11D0-8D11-00A0C91BC942}") = "SimpleTestClient", "SimpleTestClient\SimpleTestClient.vcxproj", "{19CD3B35-5838-4843-BF7F-E51B52E06D63}"
EndProject
Project("{FAE04EC0-301F-11D3-BF4B-00C04F79EFBC}") = "SimpleCSharpClient", "SimpleCSharpClient\SimpleCSharpClient.csproj", "{EA3BFA33-4C56-46D8-88DA-2147F2455803}"
EndProject
Global
	GlobalSection(SolutionConfigurationPlatforms) = preSolution
		Debug|Any CPU = Debug|Any CPU
		Debug|Mixed Platforms = Debug|Mixed Platforms
		Debug|Win32 = Debug|Win32
		Debug|x86 = Debug|x86
		Release|Any CPU = Release|Any CPU
		Release|Mixed Platforms = Release|Mixed Platforms
		Release|Win32 = Release|Win32
		Release|x86 = Release|x86
	EndGlobalSection
	GlobalSection(ProjectConfigurationPlatforms) = postSolution
		{4420CB1C-4C64-4B2B-9CCF-E8DCEB4AD8B0}.Debug|Any CPU.ActiveCfg = Debug|Any CPU
		{4420CB1C-4C64-4B2B-9CCF-E8DCEB4AD8B0}.Debug|Any CPU.Build.0 = Debug|Any CPU
		{4420CB1C-4C64-4B2B-9CCF-E8DCEB4AD8B0}.Debug|Mixed Platforms.ActiveCfg = Debug|Any CPU
		{4420CB1C-4C64-4B2B-9CCF-E8DCEB4AD8B0}.Debug|Mixed Platforms.Build.0 = Debug|Any CPU
		{4420CB1C-4C64-4B2B-9CCF-E8DCEB4AD8B0}.Debug|Win32.ActiveCfg = Debug|Any CPU
		{4420CB1C-4C64-4B2B-9CCF-E8DCEB4AD8B0}.Debug|x86.ActiveCfg = Debug|Any CPU
		{4420CB1C-4C64-4B2B-9CCF-E8DCEB4AD8B0}.Release|Any CPU.ActiveCfg = Release|Any CPU
		{4420CB1C-4C64-4B2B-9CCF-E8DCEB4AD8B0}.Release|Any CPU.Build.0 = Release|Any CPU
		{4420CB1C-4C64-4B2B-9CCF-E8DCEB4AD8B0}.Release|Mixed Platforms.ActiveCfg = Release|Any CPU
		{4420CB1C-4C64-4B2B-9CCF-E8DCEB4AD8B0}.Release|Mixed Platforms.Build.0 = Release|Any CPU
		{4420CB1C-4C64-4B2B-9CCF-E8DCEB4AD8B0}.Release|Win32.ActiveCfg = Release|Any CPU
		{4420CB1C-4C64-4B2B-9CCF-E8DCEB4AD8B0}.Release|x86.ActiveCfg = Release|Any CPU
		{017F8387-5C17-41B1-91B2-245E75EC7337}.Debug|Any CPU.ActiveCfg = Debug|Win32
		{017F8387-5C17-41B1-91B2-245E75EC7337}.Debug|Mixed Platforms.ActiveCfg = Debug|Win32
		{017F8387-5C17-41B1-91B2-245E75EC7337}.Debug|Mixed Platforms.Build.0 = Debug|Win32
		{017F8387-5C17-41B1-91B2-245E75EC7337}.Debug|Win32.ActiveCfg = Debug|Win32
		{017F8387-5C17-41B1-91B2-245E75EC7337}.Debug|Win32.Build.0 = Debug|Win32
		{017F8387-5C17-41B1-91B2-245E75EC7337}.Debug|x86.ActiveCfg = Debug|Win32
		{017F8387-5C17-41B1-91B2-245E75EC7337}.Debug|x86.Build.0 = Debug|Win32
		{017F8387-5C17-41B1-91B2-245E75EC7337}.Release|Any CPU.ActiveCfg = Release|Win32
		{017F8387-5C17-41B1-91B2-245E75EC7337}.Release|Mixed Platforms.ActiveCfg = Release|Win32
		{017F8387-5C17-41B1-91B2-245E75EC7337}.Release|Mixed Platforms.Build.0 = Release|Win32
		{017F8387-5C17-41B1-91B2-245E75EC7337}.Release|Win32.ActiveCfg = Release|Win32
		{017F8387-5C17-41B1-91B2-245E75EC7337}.Release|Win32.Build.0 = Release|Win32
		{017F8387-5C17-41B1-91B2-245E75EC7337}.Release|x86.ActiveCfg = Release|Win32
		{017F8387-5C17-41B1-91B2-245E75EC7337}.Release|x86.Build.0 = Release|Win32
		{32961EF0-8774-45B9-BF8F-AD2E65DF16EE}.Debug|Any CPU.ActiveCfg = Debug|Win32
		{32961EF0-8774-45B9-BF8F-AD2E65DF16EE}.Debug|Mixed Platforms.ActiveCfg = Debug|Win32
		{32961EF0-8774-45B9-BF8F-AD2E65DF16EE}.Debug|Mixed Platforms.Build.0 = Debug|Win32
		{32961EF0-8774-45B9-BF8F-AD2E65DF16EE}.Debug|Win32.ActiveCfg = Debug|Win32
		{32961EF0-8774-45B9-BF8F-AD2E65DF16EE}.Debug|Win32.Build.0 = Debug|Win32
		{32961EF0-8774-45B9-BF8F-AD2E65DF16EE}.Debug|x86.ActiveCfg = Debug|Win32
		{32961EF0-8774-45B9-BF8F-AD2E65DF16EE}.Debug|x86.Build.0 = Debug|Win32
		{32961EF0-8774-45B9-BF8F-AD2E65DF16EE}.Release|Any CPU.ActiveCfg = Release|Win32
		{32961EF0-8774-45B9-BF8F-AD2E65DF16EE}.Release|Mixed Platforms.ActiveCfg = Release|Win32
		{32961EF0-8774-45B9-BF8F-AD2E65DF16EE}.Release|Mixed Platforms.Build.0 = Release|Win32
		{32961EF0-8774-45B9-BF8F-AD2E65DF16EE}.Release|Win32.ActiveCfg = Release|Win32
		{32961EF0-8774-45B9-BF8F-AD2E65DF16EE}.Release|Win32.Build.0 = Release|Win32
		{32961EF0-8774-45B9-BF8F-AD2E65DF16EE}.Release|x86.ActiveCfg = Release|Win32
		{32961EF0-8774-45B9-BF8F-AD2E65DF16EE}.Release|x86.Build.0 = Release|Win32
		{19CD3B35-5838-4843-BF7F-E51B52E06D63}.Debug|Any CPU.ActiveCfg = Debug|Win32
		{19CD3B35-5838-4843-BF7F-E51B52E06D63}.Debug|Mixed Platforms.ActiveCfg = Debug|Win32
		{19CD3B35-5838-4843-BF7F-E51B52E06D63}.Debug|Mixed Platforms.Build.0 = Debug|Win32
		{19CD3B35-5838-4843-BF7F-E51B52E06D63}.Debug|Win32.ActiveCfg = Debug|Win32
		{19CD3B35-5838-4843-BF7F-E51B52E06D63}.Debug|Win32.Build.0 = Debug|Win32
		{19CD3B35-5838-4843-BF7F-E51B52E06D63}.Debug|x86.ActiveCfg = Debug|Win32
		{19CD3B35-5838-4843-BF7F-E51B52E06D63}.Debug|x86.Build.0 = Debug|Win32
		{19CD3B35-5838-4843-BF7F-E51B52E06D63}.Release|Any CPU.ActiveCfg = Release|Win32
		{19CD3B35-5838-4843-BF7F-E51B52E06D63}.Release|Mixed Platforms.ActiveCfg = Release|Win32
		{19CD3B35-5838-4843-BF7F-E51B52E06D63}.Release|Mixed Platforms.Build.0 = Release|Win32
		{19CD3B35-5838-4843-BF7F-E51B52E06D63}.Release|Win32.ActiveCfg = Release|Win32
		{19CD3B35-5838-4843-BF7F-E51B52E06D63}.Release|Win32.Build.0 = Release|Win32
		{19CD3B35-5838-4843-BF7F-E51B52E06D63}.Release|x86.ActiveCfg = Release|Win32
		{19CD3B35-5838-4843-BF7F-E51B52E06D63}.Release|x86.Build.0 = Release|Win32
		{EA3BFA33-4C56-46D8-88DA-2147F2455803}.Debug|Any CPU.ActiveCfg = Debug|Any CPU
		{EA3BFA33-4C56-46D8-88DA-2147F2455803}.Debug|Any CPU.Build.0 = Debug|Any CPU
		{EA3BFA33-4C56-46D8-88DA-2147F2455803}.Debug|Mixed Platforms.ActiveCfg = Debug|Any CPU
		{EA3BFA33-4C56-46D8-88DA-2147F2455803}.Debug|Mixed Platforms.Build.0 = Debug|Any CPU
		{EA3BFA33-4C56-46D8-88DA-2147F2455803}.Debug|Win32.ActiveCfg = Debug|Any CPU
		{EA3BFA33-4C56-46D8-88DA-2147F2455803}.Debug|x86.ActiveCfg = Debug|x86
		{EA3BFA33-4C56-46D8-88DA-2147F2455803}.Debug|x86.Build.0 = Debug|x86
		{EA3BFA33-4C56-46D8-88DA-2147F2455803}.Release|Any CPU.ActiveCfg = Release|Any CPU
		{EA3BFA33-4C56-46D8-88DA-2147F2455803}.Release|Any CPU.Build.0 = Release|Any CPU
		{EA3BFA33-4C56-46D8-88DA-2147F2455803}.Release|Mixed Platforms.ActiveCfg = Release|Any CPU
		{EA3BFA33-4C56-46D8-88DA-2147F2455803}.Release|Mixed Platforms.Build.0 = Release|Any CPU
		{EA3BFA33-4C56-46D8-88DA-2147F2455803}.Release|Win32.ActiveCfg = Release|Any CPU
		{EA3BFA33-4C56-46D8-88DA-2147F2455803}.Release|x86.ActiveCfg = Release|x86
		{EA3BFA33-4C56-46D8-88DA-2147F2455803}.Release|x86.Build.0 = Release|x86
	EndGlobalSection
	GlobalSection(SolutionProperties) = preSolution
		HideSolutionNode = FALSE
	EndGlobalSection
	GlobalSection(NestedProjects) = preSolution
		{017F8387-5C17-41B1-91B2-245E75EC7337} = {2FDA43BB-E64E-41C8-B4D8-61F555CD4D04}
		{32961EF0-8774-45B9-BF8F-AD2E65DF16EE} = {2FDA43BB-E64E-41C8-B4D8-61F555CD4D04}
	EndGlobalSection
	GlobalSection(ExtensibilityGlobals) = postSolution
		SolutionGuid = {455F89D1-3796-45DF-89AE-51E95C90DFEC}
	EndGlobalSection
EndGlobal
